github.com/cdvelop/git v0.0.2 h1:srcsK34PXXqUxl9bCyhZB8Lr+kKc9h3XzcpNPG+YK00=
github.com/cdvelop/git v0.0.2/go.mod h1:vwsYUKRcvNVbqHsn/vrpCHKEsZKoY81g1i8t08zSMxQ=
github.com/cdvelop/strings v0.0.8 h1:liZNqboKkU3YpetJF/6FpWlWErSJfK7ISnIWD6SAf/E=
github.com/cdvelop/strings v0.0.8/go.mod h1:zNexDeXHRETbMmlmNThQeM7ksRsvzrphsCfwuSxaURk=
